
Microsoft Visual Studio Solution File, Format Version 12.00
# Visual Studio Version 17
VisualStudioVersion = 17.5.33530.505
MinimumVisualStudioVersion = 10.0.40219.1
Project("{FAE04EC0-301F-11D3-BF4B-00C04F79EFBC}") = "ReliusExtract", "ReliusExtract\ReliusExtract.csproj", "{2BD115E1-3A1E-486B-8787-4551C27ADB35}"
EndProject
Global
	GlobalSection(SolutionConfigurationPlatforms) = preSolution
		Debug|Any CPU = Debug|Any CPU
		Release|Any CPU = Release|Any CPU
	EndGlobalSection
	GlobalSection(ProjectConfigurationPlatforms) = postSolution
		{2BD115E1-3A1E-486B-8787-4551C27ADB35}.Debug|Any CPU.ActiveCfg = Debug|Any CPU
		{2BD115E1-3A1E-486B-8787-4551C27ADB35}.Debug|Any CPU.Build.0 = Debug|Any CPU
		{2BD115E1-3A1E-486B-8787-4551C27ADB35}.Release|Any CPU.ActiveCfg = Release|Any CPU
		{2BD115E1-3A1E-486B-8787-4551C27ADB35}.Release|Any CPU.Build.0 = Release|Any CPU
	EndGlobalSection
	GlobalSection(SolutionProperties) = preSolution
		HideSolutionNode = FALSE
	EndGlobalSection
	GlobalSection(ExtensibilityGlobals) = postSolution
		SolutionGuid = {C8A76FE8-1EB2-448D-9F99-F36F96F152AD}
	EndGlobalSection
EndGlobal
